
Microsoft Visual Studio Solution File, Format Version 12.00
# Visual Studio Version 17
VisualStudioVersion = 17.2.32630.192
MinimumVisualStudioVersion = 10.0.40219.1
Project("{FAE04EC0-301F-11D3-BF4B-00C04F79EFBC}") = "AluraTunes", "AluraTunes\AluraTunes.csproj", "{3C2589AD-5BEC-4E98-AAC6-923309EDE537}"
EndProject
Project("{FAE04EC0-301F-11D3-BF4B-00C04F79EFBC}") = "AluraTunesXML", "AluraTunesXML\AluraTunesXML.csproj", "{9E349BA0-4FA1-4146-94A1-E89FF9FE3793}"
EndProject
Project("{FAE04EC0-301F-11D3-BF4B-00C04F79EFBC}") = "AluraTunesEntitiees", "AluraTunesEntitiees\AluraTunesEntitiees.csproj", "{A60123FC-20CA-4BD2-A940-0B6C794F3BD0}"
EndProject
Global
	GlobalSection(SolutionConfigurationPlatforms) = preSolution
		Debug|Any CPU = Debug|Any CPU
		Release|Any CPU = Release|Any CPU
	EndGlobalSection
	GlobalSection(ProjectConfigurationPlatforms) = postSolution
		{3C2589AD-5BEC-4E98-AAC6-923309EDE537}.Debug|Any CPU.ActiveCfg = Debug|Any CPU
		{3C2589AD-5BEC-4E98-AAC6-923309EDE537}.Debug|Any CPU.Build.0 = Debug|Any CPU
		{3C2589AD-5BEC-4E98-AAC6-923309EDE537}.Release|Any CPU.ActiveCfg = Release|Any CPU
		{3C2589AD-5BEC-4E98-AAC6-923309EDE537}.Release|Any CPU.Build.0 = Release|Any CPU
		{9E349BA0-4FA1-4146-94A1-E89FF9FE3793}.Debug|Any CPU.ActiveCfg = Debug|Any CPU
		{9E349BA0-4FA1-4146-94A1-E89FF9FE3793}.Debug|Any CPU.Build.0 = Debug|Any CPU
		{9E349BA0-4FA1-4146-94A1-E89FF9FE3793}.Release|Any CPU.ActiveCfg = Release|Any CPU
		{9E349BA0-4FA1-4146-94A1-E89FF9FE3793}.Release|Any CPU.Build.0 = Release|Any CPU
		{A60123FC-20CA-4BD2-A940-0B6C794F3BD0}.Debug|Any CPU.ActiveCfg = Debug|Any CPU
		{A60123FC-20CA-4BD2-A940-0B6C794F3BD0}.Debug|Any CPU.Build.0 = Debug|Any CPU
		{A60123FC-20CA-4BD2-A940-0B6C794F3BD0}.Release|Any CPU.ActiveCfg = Release|Any CPU
		{A60123FC-20CA-4BD2-A940-0B6C794F3BD0}.Release|Any CPU.Build.0 = Release|Any CPU
	EndGlobalSection
	GlobalSection(SolutionProperties) = preSolution
		HideSolutionNode = FALSE
	EndGlobalSection
	GlobalSection(ExtensibilityGlobals) = postSolution
		SolutionGuid = {D795C26B-6DD3-4123-8931-F8EB3379AD22}
	EndGlobalSection
EndGlobal
